%{"bunt": {:hex, :bunt, "0.1.4"},
  "credo": {:hex, :credo, "0.3.1"},
  "dogma": {:hex, :dogma, "0.1.0"},
  "feedparser": {:git, "https://github.com/vhf/feedparser.git", "4bacbb6942390ce92c51ac9176a3f3978444d3fb", [ref: "4bacbb6942390ce92c51ac9176a3f3978444d3fb"]},
  "poison": {:hex, :poison, "1.5.2"}}
